// !$*UTF8*$!
{
	archiveVersion = 1;
	classes = {
	};
	objectVersion = 56;
	objects = {

/* Begin PBXBuildFile section */
		9F0D2D062B4C860B00EBDDD3 /* TESTINGApp.swift in Sources */ = {isa = PBXBuildFile; fileRef = 9F0D2D052B4C860B00EBDDD3 /* TESTINGApp.swift */; };
		9F0D2D082B4C860B00EBDDD3 /* ContentView.swift in Sources */ = {isa = PBXBuildFile; fileRef = 9F0D2D072B4C860B00EBDDD3 /* ContentView.swift */; };
		9F0D2D0A2B4C860C00EBDDD3 /* Assets.xcassets in Resources */ = {isa = PBXBuildFile; fileRef = 9F0D2D092B4C860C00EBDDD3 /* Assets.xcassets */; };
		9F0D2D0E2B4C860C00EBDDD3 /* Preview Assets.xcassets in Resources */ = {isa = PBXBuildFile; fileRef = 9F0D2D0D2B4C860C00EBDDD3 /* Preview Assets.xcassets */; };
		9F0D2D182B4C860D00EBDDD3 /* TESTINGTests.swift in Sources */ = {isa = PBXBuildFile; fileRef = 9F0D2D172B4C860D00EBDDD3 /* TESTINGTests.swift */; };
		9F0D2D222B4C860D00EBDDD3 /* TESTINGUITests.swift in Sources */ = {isa = PBXBuildFile; fileRef = 9F0D2D212B4C860D00EBDDD3 /* TESTINGUITests.swift */; };
		9F0D2D242B4C860D00EBDDD3 /* TESTINGUITestsLaunchTests.swift in Sources */ = {isa = PBXBuildFile; fileRef = 9F0D2D232B4C860D00EBDDD3 /* TESTINGUITestsLaunchTests.swift */; };
		9F0D2D312B4C863600EBDDD3 /* NetworkingManager.swift in Sources */ = {isa = PBXBuildFile; fileRef = 9F0D2D302B4C863600EBDDD3 /* NetworkingManager.swift */; };
		9F0D2D332B4C865800EBDDD3 /* TargetType.swift in Sources */ = {isa = PBXBuildFile; fileRef = 9F0D2D322B4C865800EBDDD3 /* TargetType.swift */; };
		9F0D2D352B4C866E00EBDDD3 /* ParameterEncodable.swift in Sources */ = {isa = PBXBuildFile; fileRef = 9F0D2D342B4C866E00EBDDD3 /* ParameterEncodable.swift */; };
		9F0D2D372B4C869100EBDDD3 /* TmbdTarget.swift in Sources */ = {isa = PBXBuildFile; fileRef = 9F0D2D362B4C869100EBDDD3 /* TmbdTarget.swift */; };
		9F0D2D3B2B4C86FE00EBDDD3 /* ShowStructure.swift in Sources */ = {isa = PBXBuildFile; fileRef = 9F0D2D3A2B4C86FE00EBDDD3 /* ShowStructure.swift */; };
		9FA279532B4DB9DC00B2CA13 /* TvShowService.swift in Sources */ = {isa = PBXBuildFile; fileRef = 9FA279522B4DB9DC00B2CA13 /* TvShowService.swift */; };
		9FA279562B4DFECC00B2CA13 /* TVShowViewController.swift in Sources */ = {isa = PBXBuildFile; fileRef = 9FA279552B4DFECC00B2CA13 /* TVShowViewController.swift */; };
/* End PBXBuildFile section */

/* Begin PBXContainerItemProxy section */
		9F0D2D142B4C860D00EBDDD3 /* PBXContainerItemProxy */ = {
			isa = PBXContainerItemProxy;
			containerPortal = 9F0D2CFA2B4C860B00EBDDD3 /* Project object */;
			proxyType = 1;
			remoteGlobalIDString = 9F0D2D012B4C860B00EBDDD3;
			remoteInfo = TESTING;
		};
		9F0D2D1E2B4C860D00EBDDD3 /* PBXContainerItemProxy */ = {
			isa = PBXContainerItemProxy;
			containerPortal = 9F0D2CFA2B4C860B00EBDDD3 /* Project object */;
			proxyType = 1;
			remoteGlobalIDString = 9F0D2D012B4C860B00EBDDD3;
			remoteInfo = TESTING;
		};
/* End PBXContainerItemProxy section */

/* Begin PBXFileReference section */
		9F0D2D022B4C860B00EBDDD3 /* TESTING.app */ = {isa = PBXFileReference; explicitFileType = wrapper.application; includeInIndex = 0; path = TESTING.app; sourceTree = BUILT_PRODUCTS_DIR; };
		9F0D2D052B4C860B00EBDDD3 /* TESTINGApp.swift */ = {isa = PBXFileReference; lastKnownFileType = sourcecode.swift; path = TESTINGApp.swift; sourceTree = "<group>"; };
		9F0D2D072B4C860B00EBDDD3 /* ContentView.swift */ = {isa = PBXFileReference; lastKnownFileType = sourcecode.swift; path = ContentView.swift; sourceTree = "<group>"; };
		9F0D2D092B4C860C00EBDDD3 /* Assets.xcassets */ = {isa = PBXFileReference; lastKnownFileType = folder.assetcatalog; path = Assets.xcassets; sourceTree = "<group>"; };
		9F0D2D0B2B4C860C00EBDDD3 /* TESTING.entitlements */ = {isa = PBXFileReference; lastKnownFileType = text.plist.entitlements; path = TESTING.entitlements; sourceTree = "<group>"; };
		9F0D2D0D2B4C860C00EBDDD3 /* Preview Assets.xcassets */ = {isa = PBXFileReference; lastKnownFileType = folder.assetcatalog; path = "Preview Assets.xcassets"; sourceTree = "<group>"; };
		9F0D2D132B4C860D00EBDDD3 /* TESTINGTests.xctest */ = {isa = PBXFileReference; explicitFileType = wrapper.cfbundle; includeInIndex = 0; path = TESTINGTests.xctest; sourceTree = BUILT_PRODUCTS_DIR; };
		9F0D2D172B4C860D00EBDDD3 /* TESTINGTests.swift */ = {isa = PBXFileReference; lastKnownFileType = sourcecode.swift; path = TESTINGTests.swift; sourceTree = "<group>"; };
		9F0D2D1D2B4C860D00EBDDD3 /* TESTINGUITests.xctest */ = {isa = PBXFileReference; explicitFileType = wrapper.cfbundle; includeInIndex = 0; path = TESTINGUITests.xctest; sourceTree = BUILT_PRODUCTS_DIR; };
		9F0D2D212B4C860D00EBDDD3 /* TESTINGUITests.swift */ = {isa = PBXFileReference; lastKnownFileType = sourcecode.swift; path = TESTINGUITests.swift; sourceTree = "<group>"; };
		9F0D2D232B4C860D00EBDDD3 /* TESTINGUITestsLaunchTests.swift */ = {isa = PBXFileReference; lastKnownFileType = sourcecode.swift; path = TESTINGUITestsLaunchTests.swift; sourceTree = "<group>"; };
		9F0D2D302B4C863600EBDDD3 /* NetworkingManager.swift */ = {isa = PBXFileReference; lastKnownFileType = sourcecode.swift; path = NetworkingManager.swift; sourceTree = "<group>"; };
		9F0D2D322B4C865800EBDDD3 /* TargetType.swift */ = {isa = PBXFileReference; lastKnownFileType = sourcecode.swift; path = TargetType.swift; sourceTree = "<group>"; };
		9F0D2D342B4C866E00EBDDD3 /* ParameterEncodable.swift */ = {isa = PBXFileReference; lastKnownFileType = sourcecode.swift; path = ParameterEncodable.swift; sourceTree = "<group>"; };
		9F0D2D362B4C869100EBDDD3 /* TmbdTarget.swift */ = {isa = PBXFileReference; lastKnownFileType = sourcecode.swift; path = TmbdTarget.swift; sourceTree = "<group>"; };
		9F0D2D3A2B4C86FE00EBDDD3 /* ShowStructure.swift */ = {isa = PBXFileReference; lastKnownFileType = sourcecode.swift; path = ShowStructure.swift; sourceTree = "<group>"; };
		9FA279522B4DB9DC00B2CA13 /* TvShowService.swift */ = {isa = PBXFileReference; lastKnownFileType = sourcecode.swift; path = TvShowService.swift; sourceTree = "<group>"; };
		9FA279552B4DFECC00B2CA13 /* TVShowViewController.swift */ = {isa = PBXFileReference; lastKnownFileType = sourcecode.swift; path = TVShowViewController.swift; sourceTree = "<group>"; };
/* End PBXFileReference section */

/* Begin PBXFrameworksBuildPhase section */
		9F0D2CFF2B4C860B00EBDDD3 /* Frameworks */ = {
			isa = PBXFrameworksBuildPhase;
			buildActionMask = 2147483647;
			files = (
			);
			runOnlyForDeploymentPostprocessing = 0;
		};
		9F0D2D102B4C860D00EBDDD3 /* Frameworks */ = {
			isa = PBXFrameworksBuildPhase;
			buildActionMask = 2147483647;
			files = (
			);
			runOnlyForDeploymentPostprocessing = 0;
		};
		9F0D2D1A2B4C860D00EBDDD3 /* Frameworks */ = {
			isa = PBXFrameworksBuildPhase;
			buildActionMask = 2147483647;
			files = (
			);
			runOnlyForDeploymentPostprocessing = 0;
		};
/* End PBXFrameworksBuildPhase section */

/* Begin PBXGroup section */
		9F0D2CF92B4C860B00EBDDD3 = {
			isa = PBXGroup;
			children = (
				9FA279552B4DFECC00B2CA13 /* TVShowViewController.swift */,
				9FA279522B4DB9DC00B2CA13 /* TvShowService.swift */,
				9F0D2D3A2B4C86FE00EBDDD3 /* ShowStructure.swift */,
				9F0D2D362B4C869100EBDDD3 /* TmbdTarget.swift */,
				9F0D2D342B4C866E00EBDDD3 /* ParameterEncodable.swift */,
				9F0D2D322B4C865800EBDDD3 /* TargetType.swift */,
				9F0D2D302B4C863600EBDDD3 /* NetworkingManager.swift */,
				9F0D2D042B4C860B00EBDDD3 /* TESTING */,
				9F0D2D162B4C860D00EBDDD3 /* TESTINGTests */,
				9F0D2D202B4C860D00EBDDD3 /* TESTINGUITests */,
				9F0D2D032B4C860B00EBDDD3 /* Products */,
			);
			sourceTree = "<group>";
		};
		9F0D2D032B4C860B00EBDDD3 /* Products */ = {
			isa = PBXGroup;
			children = (
				9F0D2D022B4C860B00EBDDD3 /* TESTING.app */,
				9F0D2D132B4C860D00EBDDD3 /* TESTINGTests.xctest */,
				9F0D2D1D2B4C860D00EBDDD3 /* TESTINGUITests.xctest */,
			);
			name = Products;
			sourceTree = "<group>";
		};
		9F0D2D042B4C860B00EBDDD3 /* TESTING */ = {
			isa = PBXGroup;
			children = (
				9F0D2D052B4C860B00EBDDD3 /* TESTINGApp.swift */,
				9F0D2D072B4C860B00EBDDD3 /* ContentView.swift */,
				9F0D2D092B4C860C00EBDDD3 /* Assets.xcassets */,
				9F0D2D0B2B4C860C00EBDDD3 /* TESTING.entitlements */,
				9F0D2D0C2B4C860C00EBDDD3 /* Preview Content */,
			);
			path = TESTING;
			sourceTree = "<group>";
		};
		9F0D2D0C2B4C860C00EBDDD3 /* Preview Content */ = {
			isa = PBXGroup;
			children = (
				9F0D2D0D2B4C860C00EBDDD3 /* Preview Assets.xcassets */,
			);
			path = "Preview Content";
			sourceTree = "<group>";
		};
		9F0D2D162B4C860D00EBDDD3 /* TESTINGTests */ = {
			isa = PBXGroup;
			children = (
				9F0D2D172B4C860D00EBDDD3 /* TESTINGTests.swift */,
			);
			path = TESTINGTests;
			sourceTree = "<group>";
		};
		9F0D2D202B4C860D00EBDDD3 /* TESTINGUITests */ = {
			isa = PBXGroup;
			children = (
				9F0D2D212B4C860D00EBDDD3 /* TESTINGUITests.swift */,
				9F0D2D232B4C860D00EBDDD3 /* TESTINGUITestsLaunchTests.swift */,
			);
			path = TESTINGUITests;
			sourceTree = "<group>";
		};
/* End PBXGroup section */

/* Begin PBXNativeTarget section */
		9F0D2D012B4C860B00EBDDD3 /* TESTING */ = {
			isa = PBXNativeTarget;
			buildConfigurationList = 9F0D2D272B4C860D00EBDDD3 /* Build configuration list for PBXNativeTarget "TESTING" */;
			buildPhases = (
				9F0D2CFE2B4C860B00EBDDD3 /* Sources */,
				9F0D2CFF2B4C860B00EBDDD3 /* Frameworks */,
				9F0D2D002B4C860B00EBDDD3 /* Resources */,
			);
			buildRules = (
			);
			dependencies = (
			);
			name = TESTING;
			productName = TESTING;
			productReference = 9F0D2D022B4C860B00EBDDD3 /* TESTING.app */;
			productType = "com.apple.product-type.application";
		};
		9F0D2D122B4C860D00EBDDD3 /* TESTINGTests */ = {
			isa = PBXNativeTarget;
			buildConfigurationList = 9F0D2D2A2B4C860D00EBDDD3 /* Build configuration list for PBXNativeTarget "TESTINGTests" */;
			buildPhases = (
				9F0D2D0F2B4C860D00EBDDD3 /* Sources */,
				9F0D2D102B4C860D00EBDDD3 /* Frameworks */,
				9F0D2D112B4C860D00EBDDD3 /* Resources */,
			);
			buildRules = (
			);
			dependencies = (
				9F0D2D152B4C860D00EBDDD3 /* PBXTargetDependency */,
			);
			name = TESTINGTests;
			productName = TESTINGTests;
			productReference = 9F0D2D132B4C860D00EBDDD3 /* TESTINGTests.xctest */;
			productType = "com.apple.product-type.bundle.unit-test";
		};
		9F0D2D1C2B4C860D00EBDDD3 /* TESTINGUITests */ = {
			isa = PBXNativeTarget;
			buildConfigurationList = 9F0D2D2D2B4C860D00EBDDD3 /* Build configuration list for PBXNativeTarget "TESTINGUITests" */;
			buildPhases = (
				9F0D2D192B4C860D00EBDDD3 /* Sources */,
				9F0D2D1A2B4C860D00EBDDD3 /* Frameworks */,
				9F0D2D1B2B4C860D00EBDDD3 /* Resources */,
			);
			buildRules = (
			);
			dependencies = (
				9F0D2D1F2B4C860D00EBDDD3 /* PBXTargetDependency */,
			);
			name = TESTINGUITests;
			productName = TESTINGUITests;
			productReference = 9F0D2D1D2B4C860D00EBDDD3 /* TESTINGUITests.xctest */;
			productType = "com.apple.product-type.bundle.ui-testing";
		};
/* End PBXNativeTarget section */

/* Begin PBXProject section */
		9F0D2CFA2B4C860B00EBDDD3 /* Project object */ = {
			isa = PBXProject;
			attributes = {
				BuildIndependentTargetsInParallel = 1;
				LastSwiftUpdateCheck = 1500;
				LastUpgradeCheck = 1500;
				TargetAttributes = {
					9F0D2D012B4C860B00EBDDD3 = {
						CreatedOnToolsVersion = 15.0.1;
					};
					9F0D2D122B4C860D00EBDDD3 = {
						CreatedOnToolsVersion = 15.0.1;
						TestTargetID = 9F0D2D012B4C860B00EBDDD3;
					};
					9F0D2D1C2B4C860D00EBDDD3 = {
						CreatedOnToolsVersion = 15.0.1;
						TestTargetID = 9F0D2D012B4C860B00EBDDD3;
					};
				};
			};
			buildConfigurationList = 9F0D2CFD2B4C860B00EBDDD3 /* Build configuration list for PBXProject "TESTING" */;
			compatibilityVersion = "Xcode 14.0";
			developmentRegion = en;
			hasScannedForEncodings = 0;
			knownRegions = (
				en,
				Base,
			);
			mainGroup = 9F0D2CF92B4C860B00EBDDD3;
			productRefGroup = 9F0D2D032B4C860B00EBDDD3 /* Products */;
			projectDirPath = "";
			projectRoot = "";
			targets = (
				9F0D2D012B4C860B00EBDDD3 /* TESTING */,
				9F0D2D122B4C860D00EBDDD3 /* TESTINGTests */,
				9F0D2D1C2B4C860D00EBDDD3 /* TESTINGUITests */,
			);
		};
/* End PBXProject section */

/* Begin PBXResourcesBuildPhase section */
		9F0D2D002B4C860B00EBDDD3 /* Resources */ = {
			isa = PBXResourcesBuildPhase;
			buildActionMask = 2147483647;
			files = (
				9F0D2D0E2B4C860C00EBDDD3 /* Preview Assets.xcassets in Resources */,
				9F0D2D0A2B4C860C00EBDDD3 /* Assets.xcassets in Resources */,
			);
			runOnlyForDeploymentPostprocessing = 0;
		};
		9F0D2D112B4C860D00EBDDD3 /* Resources */ = {
			isa = PBXResourcesBuildPhase;
			buildActionMask = 2147483647;
			files = (
			);
			runOnlyForDeploymentPostprocessing = 0;
		};
		9F0D2D1B2B4C860D00EBDDD3 /* Resources */ = {
			isa = PBXResourcesBuildPhase;
			buildActionMask = 2147483647;
			files = (
			);
			runOnlyForDeploymentPostprocessing = 0;
		};
/* End PBXResourcesBuildPhase section */

/* Begin PBXSourcesBuildPhase section */
		9F0D2CFE2B4C860B00EBDDD3 /* Sources */ = {
			isa = PBXSourcesBuildPhase;
			buildActionMask = 2147483647;
			files = (
				9F0D2D3B2B4C86FE00EBDDD3 /* ShowStructure.swift in Sources */,
				9F0D2D352B4C866E00EBDDD3 /* ParameterEncodable.swift in Sources */,
				9F0D2D332B4C865800EBDDD3 /* TargetType.swift in Sources */,
				9F0D2D312B4C863600EBDDD3 /* NetworkingManager.swift in Sources */,
				9F0D2D372B4C869100EBDDD3 /* TmbdTarget.swift in Sources */,
				9F0D2D082B4C860B00EBDDD3 /* ContentView.swift in Sources */,
				9FA279562B4DFECC00B2CA13 /* TVShowViewController.swift in Sources */,
				9FA279532B4DB9DC00B2CA13 /* TvShowService.swift in Sources */,
				9F0D2D062B4C860B00EBDDD3 /* TESTINGApp.swift in Sources */,
			);
			runOnlyForDeploymentPostprocessing = 0;
		};
		9F0D2D0F2B4C860D00EBDDD3 /* Sources */ = {
			isa = PBXSourcesBuildPhase;
			buildActionMask = 2147483647;
			files = (
				9F0D2D182B4C860D00EBDDD3 /* TESTINGTests.swift in Sources */,
			);
			runOnlyForDeploymentPostprocessing = 0;
		};
		9F0D2D192B4C860D00EBDDD3 /* Sources */ = {
			isa = PBXSourcesBuildPhase;
			buildActionMask = 2147483647;
			files = (
				9F0D2D222B4C860D00EBDDD3 /* TESTINGUITests.swift in Sources */,
				9F0D2D242B4C860D00EBDDD3 /* TESTINGUITestsLaunchTests.swift in Sources */,
			);
			runOnlyForDeploymentPostprocessing = 0;
		};
/* End PBXSourcesBuildPhase section */

/* Begin PBXTargetDependency section */
		9F0D2D152B4C860D00EBDDD3 /* PBXTargetDependency */ = {
			isa = PBXTargetDependency;
			target = 9F0D2D012B4C860B00EBDDD3 /* TESTING */;
			targetProxy = 9F0D2D142B4C860D00EBDDD3 /* PBXContainerItemProxy */;
		};
		9F0D2D1F2B4C860D00EBDDD3 /* PBXTargetDependency */ = {
			isa = PBXTargetDependency;
			target = 9F0D2D012B4C860B00EBDDD3 /* TESTING */;
			targetProxy = 9F0D2D1E2B4C860D00EBDDD3 /* PBXContainerItemProxy */;
		};
/* End PBXTargetDependency section */

/* Begin XCBuildConfiguration section */
		9F0D2D252B4C860D00EBDDD3 /* Debug */ = {
			isa = XCBuildConfiguration;
			buildSettings = {
				ALWAYS_SEARCH_USER_PATHS = NO;
				ASSETCATALOG_COMPILER_GENERATE_SWIFT_ASSET_SYMBOL_EXTENSIONS = YES;
				CLANG_ANALYZER_NONNULL = YES;
				CLANG_ANALYZER_NUMBER_OBJECT_CONVERSION = YES_AGGRESSIVE;
				CLANG_CXX_LANGUAGE_STANDARD = "gnu++20";
				CLANG_ENABLE_MODULES = YES;
				CLANG_ENABLE_OBJC_ARC = YES;
				CLANG_ENABLE_OBJC_WEAK = YES;
				CLANG_WARN_BLOCK_CAPTURE_AUTORELEASING = YES;
				CLANG_WARN_BOOL_CONVERSION = YES;
				CLANG_WARN_COMMA = YES;
				CLANG_WARN_CONSTANT_CONVERSION = YES;
				CLANG_WARN_DEPRECATED_OBJC_IMPLEMENTATIONS = YES;
				CLANG_WARN_DIRECT_OBJC_ISA_USAGE = YES_ERROR;
				CLANG_WARN_DOCUMENTATION_COMMENTS = YES;
				CLANG_WARN_EMPTY_BODY = YES;
				CLANG_WARN_ENUM_CONVERSION = YES;
				CLANG_WARN_INFINITE_RECURSION = YES;
				CLANG_WARN_INT_CONVERSION = YES;
				CLANG_WARN_NON_LITERAL_NULL_CONVERSION = YES;
				CLANG_WARN_OBJC_IMPLICIT_RETAIN_SELF = YES;
				CLANG_WARN_OBJC_LITERAL_CONVERSION = YES;
				CLANG_WARN_OBJC_ROOT_CLASS = YES_ERROR;
				CLANG_WARN_QUOTED_INCLUDE_IN_FRAMEWORK_HEADER = YES;
				CLANG_WARN_RANGE_LOOP_ANALYSIS = YES;
				CLANG_WARN_STRICT_PROTOTYPES = YES;
				CLANG_WARN_SUSPICIOUS_MOVE = YES;
				CLANG_WARN_UNGUARDED_AVAILABILITY = YES_AGGRESSIVE;
				CLANG_WARN_UNREACHABLE_CODE = YES;
				CLANG_WARN__DUPLICATE_METHOD_MATCH = YES;
				COPY_PHASE_STRIP = NO;
				DEBUG_INFORMATION_FORMAT = dwarf;
				ENABLE_STRICT_OBJC_MSGSEND = YES;
				ENABLE_TESTABILITY = YES;
				ENABLE_USER_SCRIPT_SANDBOXING = YES;
				GCC_C_LANGUAGE_STANDARD = gnu17;
				GCC_DYNAMIC_NO_PIC = NO;
				GCC_NO_COMMON_BLOCKS = YES;
				GCC_OPTIMIZATION_LEVEL = 0;
				GCC_PREPROCESSOR_DEFINITIONS = (
					"DEBUG=1",
					"$(inherited)",
				);
				GCC_WARN_64_TO_32_BIT_CONVERSION = YES;
				GCC_WARN_ABOUT_RETURN_TYPE = YES_ERROR;
				GCC_WARN_UNDECLARED_SELECTOR = YES;
				GCC_WARN_UNINITIALIZED_AUTOS = YES_AGGRESSIVE;
				GCC_WARN_UNUSED_FUNCTION = YES;
				GCC_WARN_UNUSED_VARIABLE = YES;
				LOCALIZATION_PREFERS_STRING_CATALOGS = YES;
				MTL_ENABLE_DEBUG_INFO = INCLUDE_SOURCE;
				MTL_FAST_MATH = YES;
				ONLY_ACTIVE_ARCH = YES;
				SWIFT_ACTIVE_COMPILATION_CONDITIONS = "DEBUG $(inherited)";
				SWIFT_OPTIMIZATION_LEVEL = "-Onone";
			};
			name = Debug;
		};
		9F0D2D262B4C860D00EBDDD3 /* Release */ = {
			isa = XCBuildConfiguration;
			buildSettings = {
				ALWAYS_SEARCH_USER_PATHS = NO;
				ASSETCATALOG_COMPILER_GENERATE_SWIFT_ASSET_SYMBOL_EXTENSIONS = YES;
				CLANG_ANALYZER_NONNULL = YES;
				CLANG_ANALYZER_NUMBER_OBJECT_CONVERSION = YES_AGGRESSIVE;
				CLANG_CXX_LANGUAGE_STANDARD = "gnu++20";
				CLANG_ENABLE_MODULES = YES;
				CLANG_ENABLE_OBJC_ARC = YES;
				CLANG_ENABLE_OBJC_WEAK = YES;
				CLANG_WARN_BLOCK_CAPTURE_AUTORELEASING = YES;
				CLANG_WARN_BOOL_CONVERSION = YES;
				CLANG_WARN_COMMA = YES;
				CLANG_WARN_CONSTANT_CONVERSION = YES;
				CLANG_WARN_DEPRECATED_OBJC_IMPLEMENTATIONS = YES;
				CLANG_WARN_DIRECT_OBJC_ISA_USAGE = YES_ERROR;
				CLANG_WARN_DOCUMENTATION_COMMENTS = YES;
				CLANG_WARN_EMPTY_BODY = YES;
				CLANG_WARN_ENUM_CONVERSION = YES;
				CLANG_WARN_INFINITE_RECURSION = YES;
				CLANG_WARN_INT_CONVERSION = YES;
				CLANG_WARN_NON_LITERAL_NULL_CONVERSION = YES;
				CLANG_WARN_OBJC_IMPLICIT_RETAIN_SELF = YES;
				CLANG_WARN_OBJC_LITERAL_CONVERSION = YES;
				CLANG_WARN_OBJC_ROOT_CLASS = YES_ERROR;
				CLANG_WARN_QUOTED_INCLUDE_IN_FRAMEWORK_HEADER = YES;
				CLANG_WARN_RANGE_LOOP_ANALYSIS = YES;
				CLANG_WARN_STRICT_PROTOTYPES = YES;
				CLANG_WARN_SUSPICIOUS_MOVE = YES;
				CLANG_WARN_UNGUARDED_AVAILABILITY = YES_AGGRESSIVE;
				CLANG_WARN_UNREACHABLE_CODE = YES;
				CLANG_WARN__DUPLICATE_METHOD_MATCH = YES;
				COPY_PHASE_STRIP = NO;
				DEBUG_INFORMATION_FORMAT = "dwarf-with-dsym";
				ENABLE_NS_ASSERTIONS = NO;
				ENABLE_STRICT_OBJC_MSGSEND = YES;
				ENABLE_USER_SCRIPT_SANDBOXING = YES;
				GCC_C_LANGUAGE_STANDARD = gnu17;
				GCC_NO_COMMON_BLOCKS = YES;
				GCC_WARN_64_TO_32_BIT_CONVERSION = YES;
				GCC_WARN_ABOUT_RETURN_TYPE = YES_ERROR;
				GCC_WARN_UNDECLARED_SELECTOR = YES;
				GCC_WARN_UNINITIALIZED_AUTOS = YES_AGGRESSIVE;
				GCC_WARN_UNUSED_FUNCTION = YES;
				GCC_WARN_UNUSED_VARIABLE = YES;
				LOCALIZATION_PREFERS_STRING_CATALOGS = YES;
				MTL_ENABLE_DEBUG_INFO = NO;
				MTL_FAST_MATH = YES;
				SWIFT_COMPILATION_MODE = wholemodule;
			};
			name = Release;
		};
		9F0D2D282B4C860D00EBDDD3 /* Debug */ = {
			isa = XCBuildConfiguration;
			buildSettings = {
				ASSETCATALOG_COMPILER_APPICON_NAME = AppIcon;
				ASSETCATALOG_COMPILER_GLOBAL_ACCENT_COLOR_NAME = AccentColor;
				CODE_SIGN_ENTITLEMENTS = TESTING/TESTING.entitlements;
				CODE_SIGN_STYLE = Automatic;
				CURRENT_PROJECT_VERSION = 1;
				DEVELOPMENT_ASSET_PATHS = "\"TESTING/Preview Content\"";
				ENABLE_PREVIEWS = YES;
				GENERATE_INFOPLIST_FILE = YES;
				"INFOPLIST_KEY_UIApplicationSceneManifest_Generation[sdk=iphoneos*]" = YES;
				"INFOPLIST_KEY_UIApplicationSceneManifest_Generation[sdk=iphonesimulator*]" = YES;
				"INFOPLIST_KEY_UIApplicationSupportsIndirectInputEvents[sdk=iphoneos*]" = YES;
				"INFOPLIST_KEY_UIApplicationSupportsIndirectInputEvents[sdk=iphonesimulator*]" = YES;
				"INFOPLIST_KEY_UILaunchScreen_Generation[sdk=iphoneos*]" = YES;
				"INFOPLIST_KEY_UILaunchScreen_Generation[sdk=iphonesimulator*]" = YES;
				"INFOPLIST_KEY_UIStatusBarStyle[sdk=iphoneos*]" = UIStatusBarStyleDefault;
				"INFOPLIST_KEY_UIStatusBarStyle[sdk=iphonesimulator*]" = UIStatusBarStyleDefault;
				INFOPLIST_KEY_UISupportedInterfaceOrientations_iPad = "UIInterfaceOrientationPortrait UIInterfaceOrientationPortraitUpsideDown UIInterfaceOrientationLandscapeLeft UIInterfaceOrientationLandscapeRight";
				INFOPLIST_KEY_UISupportedInterfaceOrientations_iPhone = "UIInterfaceOrientationPortrait UIInterfaceOrientationLandscapeLeft UIInterfaceOrientationLandscapeRight";
				IPHONEOS_DEPLOYMENT_TARGET = 17.0;
				LD_RUNPATH_SEARCH_PATHS = "@executable_path/Frameworks";
				"LD_RUNPATH_SEARCH_PATHS[sdk=macosx*]" = "@executable_path/../Frameworks";
				MACOSX_DEPLOYMENT_TARGET = 14.0;
				MARKETING_VERSION = 1.0;
				PRODUCT_BUNDLE_IDENTIFIER = wow.TESTING;
				PRODUCT_NAME = "$(TARGET_NAME)";
				SDKROOT = auto;
				SUPPORTED_PLATFORMS = "iphoneos iphonesimulator macosx";
				SWIFT_EMIT_LOC_STRINGS = YES;
				SWIFT_VERSION = 5.0;
				TARGETED_DEVICE_FAMILY = "1,2";
			};
			name = Debug;
		};
		9F0D2D292B4C860D00EBDDD3 /* Release */ = {
			isa = XCBuildConfiguration;
			buildSettings = {
				ASSETCATALOG_COMPILER_APPICON_NAME = AppIcon;
				ASSETCATALOG_COMPILER_GLOBAL_ACCENT_COLOR_NAME = AccentColor;
				CODE_SIGN_ENTITLEMENTS = TESTING/TESTING.entitlements;
				CODE_SIGN_STYLE = Automatic;
				CURRENT_PROJECT_VERSION = 1;
				DEVELOPMENT_ASSET_PATHS = "\"TESTING/Preview Content\"";
				ENABLE_PREVIEWS = YES;
				GENERATE_INFOPLIST_FILE = YES;
				"INFOPLIST_KEY_UIApplicationSceneManifest_Generation[sdk=iphoneos*]" = YES;
				"INFOPLIST_KEY_UIApplicationSceneManifest_Generation[sdk=iphonesimulator*]" = YES;
				"INFOPLIST_KEY_UIApplicationSupportsIndirectInputEvents[sdk=iphoneos*]" = YES;
				"INFOPLIST_KEY_UIApplicationSupportsIndirectInputEvents[sdk=iphonesimulator*]" = YES;
				"INFOPLIST_KEY_UILaunchScreen_Generation[sdk=iphoneos*]" = YES;
				"INFOPLIST_KEY_UILaunchScreen_Generation[sdk=iphonesimulator*]" = YES;
				"INFOPLIST_KEY_UIStatusBarStyle[sdk=iphoneos*]" = UIStatusBarStyleDefault;
				"INFOPLIST_KEY_UIStatusBarStyle[sdk=iphonesimulator*]" = UIStatusBarStyleDefault;
				INFOPLIST_KEY_UISupportedInterfaceOrientations_iPad = "UIInterfaceOrientationPortrait UIInterfaceOrientationPortraitUpsideDown UIInterfaceOrientationLandscapeLeft UIInterfaceOrientationLandscapeRight";
				INFOPLIST_KEY_UISupportedInterfaceOrientations_iPhone = "UIInterfaceOrientationPortrait UIInterfaceOrientationLandscapeLeft UIInterfaceOrientationLandscapeRight";
				IPHONEOS_DEPLOYMENT_TARGET = 17.0;
				LD_RUNPATH_SEARCH_PATHS = "@executable_path/Frameworks";
				"LD_RUNPATH_SEARCH_PATHS[sdk=macosx*]" = "@executable_path/../Frameworks";
				MACOSX_DEPLOYMENT_TARGET = 14.0;
				MARKETING_VERSION = 1.0;
				PRODUCT_BUNDLE_IDENTIFIER = wow.TESTING;
				PRODUCT_NAME = "$(TARGET_NAME)";
				SDKROOT = auto;
				SUPPORTED_PLATFORMS = "iphoneos iphonesimulator macosx";
				SWIFT_EMIT_LOC_STRINGS = YES;
				SWIFT_VERSION = 5.0;
				TARGETED_DEVICE_FAMILY = "1,2";
			};
			name = Release;
		};
		9F0D2D2B2B4C860D00EBDDD3 /* Debug */ = {
			isa = XCBuildConfiguration;
			buildSettings = {
				ALWAYS_EMBED_SWIFT_STANDARD_LIBRARIES = YES;
				BUNDLE_LOADER = "$(TEST_HOST)";
				CODE_SIGN_STYLE = Automatic;
				CURRENT_PROJECT_VERSION = 1;
				GENERATE_INFOPLIST_FILE = YES;
				IPHONEOS_DEPLOYMENT_TARGET = 17.0;
				MACOSX_DEPLOYMENT_TARGET = 14.0;
				MARKETING_VERSION = 1.0;
				PRODUCT_BUNDLE_IDENTIFIER = wow.TESTINGTests;
				PRODUCT_NAME = "$(TARGET_NAME)";
				SDKROOT = auto;
				SUPPORTED_PLATFORMS = "iphoneos iphonesimulator macosx";
				SWIFT_EMIT_LOC_STRINGS = NO;
				SWIFT_VERSION = 5.0;
				TARGETED_DEVICE_FAMILY = "1,2";
				TEST_HOST = "$(BUILT_PRODUCTS_DIR)/TESTING.app/$(BUNDLE_EXECUTABLE_FOLDER_PATH)/TESTING";
			};
			name = Debug;
		};
		9F0D2D2C2B4C860D00EBDDD3 /* Release */ = {
			isa = XCBuildConfiguration;
			buildSettings = {
				ALWAYS_EMBED_SWIFT_STANDARD_LIBRARIES = YES;
				BUNDLE_LOADER = "$(TEST_HOST)";
				CODE_SIGN_STYLE = Automatic;
				CURRENT_PROJECT_VERSION = 1;
				GENERATE_INFOPLIST_FILE = YES;
				IPHONEOS_DEPLOYMENT_TARGET = 17.0;
				MACOSX_DEPLOYMENT_TARGET = 14.0;
				MARKETING_VERSION = 1.0;
				PRODUCT_BUNDLE_IDENTIFIER = wow.TESTINGTests;
				PRODUCT_NAME = "$(TARGET_NAME)";
				SDKROOT = auto;
				SUPPORTED_PLATFORMS = "iphoneos iphonesimulator macosx";
				SWIFT_EMIT_LOC_STRINGS = NO;
				SWIFT_VERSION = 5.0;
				TARGETED_DEVICE_FAMILY = "1,2";
				TEST_HOST = "$(BUILT_PRODUCTS_DIR)/TESTING.app/$(BUNDLE_EXECUTABLE_FOLDER_PATH)/TESTING";
			};
			name = Release;
		};
		9F0D2D2E2B4C860D00EBDDD3 /* Debug */ = {
			isa = XCBuildConfiguration;
			buildSettings = {
				ALWAYS_EMBED_SWIFT_STANDARD_LIBRARIES = YES;
				CODE_SIGN_STYLE = Automatic;
				CURRENT_PROJECT_VERSION = 1;
				GENERATE_INFOPLIST_FILE = YES;
				IPHONEOS_DEPLOYMENT_TARGET = 17.0;
				MACOSX_DEPLOYMENT_TARGET = 14.0;
				MARKETING_VERSION = 1.0;
				PRODUCT_BUNDLE_IDENTIFIER = wow.TESTINGUITests;
				PRODUCT_NAME = "$(TARGET_NAME)";
				SDKROOT = auto;
				SUPPORTED_PLATFORMS = "iphoneos iphonesimulator macosx";
				SWIFT_EMIT_LOC_STRINGS = NO;
				SWIFT_VERSION = 5.0;
				TARGETED_DEVICE_FAMILY = "1,2";
				TEST_TARGET_NAME = TESTING;
			};
			name = Debug;
		};
		9F0D2D2F2B4C860D00EBDDD3 /* Release */ = {
			isa = XCBuildConfiguration;
			buildSettings = {
				ALWAYS_EMBED_SWIFT_STANDARD_LIBRARIES = YES;
				CODE_SIGN_STYLE = Automatic;
				CURRENT_PROJECT_VERSION = 1;
				GENERATE_INFOPLIST_FILE = YES;
				IPHONEOS_DEPLOYMENT_TARGET = 17.0;
				MACOSX_DEPLOYMENT_TARGET = 14.0;
				MARKETING_VERSION = 1.0;
				PRODUCT_BUNDLE_IDENTIFIER = wow.TESTINGUITests;
				PRODUCT_NAME = "$(TARGET_NAME)";
				SDKROOT = auto;
				SUPPORTED_PLATFORMS = "iphoneos iphonesimulator macosx";
				SWIFT_EMIT_LOC_STRINGS = NO;
				SWIFT_VERSION = 5.0;
				TARGETED_DEVICE_FAMILY = "1,2";
				TEST_TARGET_NAME = TESTING;
			};
			name = Release;
		};
/* End XCBuildConfiguration section */

/* Begin XCConfigurationList section */
		9F0D2CFD2B4C860B00EBDDD3 /* Build configuration list for PBXProject "TESTING" */ = {
			isa = XCConfigurationList;
			buildConfigurations = (
				9F0D2D252B4C860D00EBDDD3 /* Debug */,
				9F0D2D262B4C860D00EBDDD3 /* Release */,
			);
			defaultConfigurationIsVisible = 0;
			defaultConfigurationName = Release;
		};
		9F0D2D272B4C860D00EBDDD3 /* Build configuration list for PBXNativeTarget "TESTING" */ = {
			isa = XCConfigurationList;
			buildConfigurations = (
				9F0D2D282B4C860D00EBDDD3 /* Debug */,
				9F0D2D292B4C860D00EBDDD3 /* Release */,
			);
			defaultConfigurationIsVisible = 0;
			defaultConfigurationName = Release;
		};
		9F0D2D2A2B4C860D00EBDDD3 /* Build configuration list for PBXNativeTarget "TESTINGTests" */ = {
			isa = XCConfigurationList;
			buildConfigurations = (
				9F0D2D2B2B4C860D00EBDDD3 /* Debug */,
				9F0D2D2C2B4C860D00EBDDD3 /* Release */,
			);
			defaultConfigurationIsVisible = 0;
			defaultConfigurationName = Release;
		};
		9F0D2D2D2B4C860D00EBDDD3 /* Build configuration list for PBXNativeTarget "TESTINGUITests" */ = {
			isa = XCConfigurationList;
			buildConfigurations = (
				9F0D2D2E2B4C860D00EBDDD3 /* Debug */,
				9F0D2D2F2B4C860D00EBDDD3 /* Release */,
			);
			defaultConfigurationIsVisible = 0;
			defaultConfigurationName = Release;
		};
/* End XCConfigurationList section */
	};
	rootObject = 9F0D2CFA2B4C860B00EBDDD3 /* Project object */;
}
